{
  "nodes": {
    "nixCats": {
      "locked": {
        "lastModified": 1761732732,
        "narHash": "sha256-AP3KzTaFXFLjWWXysSnVTXUaGuC3hkUQZSlxUdGsLSs=",
        "owner": "BirdeeHub",
        "repo": "nixCats-nvim",
        "rev": "6307455a6ccceadb9f873fc51d4cf7cd39bdace5",
        "type": "github"
      },
      "original": {
        "owner": "BirdeeHub",
        "repo": "nixCats-nvim",
        "type": "github"
      }
    },
    "nixpkgs": {
      "locked": {
        "lastModified": 1761849641,
        "narHash": "sha256-b8mTUdmB80tHcvvVD+Gf+X2HMMxHGiD/UmOr5nYDAmY=",
        "owner": "nixos",
        "repo": "nixpkgs",
        "rev": "45ebaee5d90bab997812235564af4cf5107bde89",
        "type": "github"
      },
      "original": {
        "owner": "nixos",
        "ref": "nixpkgs-unstable",
        "repo": "nixpkgs",
        "type": "github"
      }
    },
    "plugins-telescope-recent-files": {
      "flake": false,
      "locked": {
        "lastModified": 1742845965,
        "narHash": "sha256-OxapSvSDdXFYxuza3Vf5acWTNEHg2okvhBUQJMV3hOQ=",
        "owner": "smartpde",
        "repo": "telescope-recent-files",
        "rev": "eb190c0baded1cbfa9d8767c817b054377683163",
        "type": "github"
      },
      "original": {
        "owner": "smartpde",
        "repo": "telescope-recent-files",
        "type": "github"
      }
    },
    "root": {
      "inputs": {
        "nixCats": "nixCats",
        "nixpkgs": "nixpkgs",
        "plugins-telescope-recent-files": "plugins-telescope-recent-files"
      }
    }
  },
  "root": "root",
  "version": 7
}
